
Microsoft Visual Studio Solution File, Format Version 12.00
# Visual Studio Version 16
VisualStudioVersion = 16.0.34407.143
MinimumVisualStudioVersion = 10.0.40219.1
Project("{8BC9CEB8-8B4A-11D0-8D11-00A0C91BC942}") = "GDGRAP1 - I", "GDGRAP1 - I.vcxproj", "{52137007-7623-402B-B953-96E1520430C2}"
EndProject
Global
	GlobalSection(SolutionConfigurationPlatforms) = preSolution
		Debug|x64 = Debug|x64
		Debug|x86 = Debug|x86
		Release|x64 = Release|x64
		Release|x86 = Release|x86
	EndGlobalSection
	GlobalSection(ProjectConfigurationPlatforms) = postSolution
		{52137007-7623-402B-B953-96E1520430C2}.Debug|x64.ActiveCfg = Debug|x64
		{52137007-7623-402B-B953-96E1520430C2}.Debug|x64.Build.0 = Debug|x64
		{52137007-7623-402B-B953-96E1520430C2}.Debug|x86.ActiveCfg = Debug|Win32
		{52137007-7623-402B-B953-96E1520430C2}.Debug|x86.Build.0 = Debug|Win32
		{52137007-7623-402B-B953-96E1520430C2}.Release|x64.ActiveCfg = Release|x64
		{52137007-7623-402B-B953-96E1520430C2}.Release|x64.Build.0 = Release|x64
		{52137007-7623-402B-B953-96E1520430C2}.Release|x86.ActiveCfg = Release|Win32
		{52137007-7623-402B-B953-96E1520430C2}.Release|x86.Build.0 = Release|Win32
	EndGlobalSection
	GlobalSection(SolutionProperties) = preSolution
		HideSolutionNode = FALSE
	EndGlobalSection
	GlobalSection(ExtensibilityGlobals) = postSolution
		SolutionGuid = {AB4B2861-373D-4CB7-98F9-E4A4ACAF3D49}
	EndGlobalSection
EndGlobal
